// !$*UTF8*$!
{
	archiveVersion = 1;
	classes = {
	};
	objectVersion = 52;
	objects = {

/* Begin PBXBuildFile section */
		630DA67C236CDF440066DDE6 /* AppDelegate.swift in Sources */ = {isa = PBXBuildFile; fileRef = 630DA67B236CDF440066DDE6 /* AppDelegate.swift */; };
		630DA693236CE52D0066DDE6 /* Assets.xcassets in Resources */ = {isa = PBXBuildFile; fileRef = 630DA681236CDF450066DDE6 /* Assets.xcassets */; };
		630DA694236CE52E0066DDE6 /* LaunchScreen.storyboard in Resources */ = {isa = PBXBuildFile; fileRef = 630DA686236CDF450066DDE6 /* LaunchScreen.storyboard */; };
		630DA695236CE53E0066DDE6 /* Preview Assets.xcassets in Resources */ = {isa = PBXBuildFile; fileRef = 630DA684236CDF450066DDE6 /* Preview Assets.xcassets */; };
		630DA698236CE6770066DDE6 /* ApplicationFlow.swift in Sources */ = {isa = PBXBuildFile; fileRef = 630DA697236CE6770066DDE6 /* ApplicationFlow.swift */; };
		630DA69B236CE93F0066DDE6 /* MainMenuFlow.swift in Sources */ = {isa = PBXBuildFile; fileRef = 630DA69A236CE93F0066DDE6 /* MainMenuFlow.swift */; };
		630DA6AB236DF6080066DDE6 /* ConfigurationParameters.swift in Sources */ = {isa = PBXBuildFile; fileRef = 630DA6AA236DF6080066DDE6 /* ConfigurationParameters.swift */; };
		630DA6B0236DF9D30066DDE6 /* Dependencies.swift in Sources */ = {isa = PBXBuildFile; fileRef = 630DA6AF236DF9D30066DDE6 /* Dependencies.swift */; };
		630DA6B2236DF9E30066DDE6 /* Configurator.swift in Sources */ = {isa = PBXBuildFile; fileRef = 630DA6B1236DF9E30066DDE6 /* Configurator.swift */; };
		630DA6B5236DFBB80066DDE6 /* Legacy in Frameworks */ = {isa = PBXBuildFile; productRef = 630DA6B4236DFBB80066DDE6 /* Legacy */; };
		630DA6B9236DFF990066DDE6 /* SettingsService.swift in Sources */ = {isa = PBXBuildFile; fileRef = 630DA6B8236DFF990066DDE6 /* SettingsService.swift */; };
		630DA6BB236DFFBA0066DDE6 /* UserDefaultsSettingsService.swift in Sources */ = {isa = PBXBuildFile; fileRef = 630DA6BA236DFFB90066DDE6 /* UserDefaultsSettingsService.swift */; };
		630DA6BD236E00650066DDE6 /* ContainerBuilder.swift in Sources */ = {isa = PBXBuildFile; fileRef = 630DA6BC236E00650066DDE6 /* ContainerBuilder.swift */; };
		630DA6BF236E01490066DDE6 /* MockConfigurator.swift in Sources */ = {isa = PBXBuildFile; fileRef = 630DA6BE236E01490066DDE6 /* MockConfigurator.swift */; };
		630DA6C1236E02190066DDE6 /* NetworkConfigurator.swift in Sources */ = {isa = PBXBuildFile; fileRef = 630DA6C0236E02190066DDE6 /* NetworkConfigurator.swift */; };
/* End PBXBuildFile section */

/* Begin PBXFileReference section */
		630DA678236CDF440066DDE6 /* RMRSpb.app */ = {isa = PBXFileReference; explicitFileType = wrapper.application; includeInIndex = 0; path = RMRSpb.app; sourceTree = BUILT_PRODUCTS_DIR; };
		630DA67B236CDF440066DDE6 /* AppDelegate.swift */ = {isa = PBXFileReference; lastKnownFileType = sourcecode.swift; path = AppDelegate.swift; sourceTree = "<group>"; };
		630DA681236CDF450066DDE6 /* Assets.xcassets */ = {isa = PBXFileReference; lastKnownFileType = folder.assetcatalog; path = Assets.xcassets; sourceTree = "<group>"; };
		630DA684236CDF450066DDE6 /* Preview Assets.xcassets */ = {isa = PBXFileReference; lastKnownFileType = folder.assetcatalog; path = "Preview Assets.xcassets"; sourceTree = "<group>"; };
		630DA687236CDF450066DDE6 /* Base */ = {isa = PBXFileReference; lastKnownFileType = file.storyboard; name = Base; path = Base.lproj/LaunchScreen.storyboard; sourceTree = "<group>"; };
		630DA690236CE4E20066DDE6 /* Info.plist */ = {isa = PBXFileReference; fileEncoding = 4; lastKnownFileType = text.plist.xml; path = Info.plist; sourceTree = "<group>"; };
		630DA697236CE6770066DDE6 /* ApplicationFlow.swift */ = {isa = PBXFileReference; lastKnownFileType = sourcecode.swift; path = ApplicationFlow.swift; sourceTree = "<group>"; };
		630DA69A236CE93F0066DDE6 /* MainMenuFlow.swift */ = {isa = PBXFileReference; lastKnownFileType = sourcecode.swift; path = MainMenuFlow.swift; sourceTree = "<group>"; };
		630DA69E236DF0C10066DDE6 /* Dev.xcconfig */ = {isa = PBXFileReference; lastKnownFileType = text.xcconfig; path = Dev.xcconfig; sourceTree = "<group>"; };
		630DA69F236DF0EC0066DDE6 /* Mock.xcconfig */ = {isa = PBXFileReference; lastKnownFileType = text.xcconfig; path = Mock.xcconfig; sourceTree = "<group>"; };
		630DA6A0236DF0FD0066DDE6 /* Prod.xcconfig */ = {isa = PBXFileReference; lastKnownFileType = text.xcconfig; path = Prod.xcconfig; sourceTree = "<group>"; };
		630DA6A1236DF1E50066DDE6 /* Dev.entitlements */ = {isa = PBXFileReference; lastKnownFileType = text.plist.entitlements; path = Dev.entitlements; sourceTree = "<group>"; };
		630DA6A2236DF2040066DDE6 /* Mock.entitlements */ = {isa = PBXFileReference; lastKnownFileType = text.plist.entitlements; path = Mock.entitlements; sourceTree = "<group>"; };
		630DA6A3236DF2180066DDE6 /* Prod.entitlements */ = {isa = PBXFileReference; lastKnownFileType = text.plist.entitlements; path = Prod.entitlements; sourceTree = "<group>"; };
		630DA6AA236DF6080066DDE6 /* ConfigurationParameters.swift */ = {isa = PBXFileReference; lastKnownFileType = sourcecode.swift; path = ConfigurationParameters.swift; sourceTree = "<group>"; };
		630DA6AF236DF9D30066DDE6 /* Dependencies.swift */ = {isa = PBXFileReference; lastKnownFileType = sourcecode.swift; path = Dependencies.swift; sourceTree = "<group>"; };
		630DA6B1236DF9E30066DDE6 /* Configurator.swift */ = {isa = PBXFileReference; lastKnownFileType = sourcecode.swift; path = Configurator.swift; sourceTree = "<group>"; };
		630DA6B8236DFF990066DDE6 /* SettingsService.swift */ = {isa = PBXFileReference; lastKnownFileType = sourcecode.swift; path = SettingsService.swift; sourceTree = "<group>"; };
		630DA6BA236DFFB90066DDE6 /* UserDefaultsSettingsService.swift */ = {isa = PBXFileReference; lastKnownFileType = sourcecode.swift; path = UserDefaultsSettingsService.swift; sourceTree = "<group>"; };
		630DA6BC236E00650066DDE6 /* ContainerBuilder.swift */ = {isa = PBXFileReference; lastKnownFileType = sourcecode.swift; path = ContainerBuilder.swift; sourceTree = "<group>"; };
		630DA6BE236E01490066DDE6 /* MockConfigurator.swift */ = {isa = PBXFileReference; lastKnownFileType = sourcecode.swift; path = MockConfigurator.swift; sourceTree = "<group>"; };
		630DA6C0236E02190066DDE6 /* NetworkConfigurator.swift */ = {isa = PBXFileReference; lastKnownFileType = sourcecode.swift; path = NetworkConfigurator.swift; sourceTree = "<group>"; };
/* End PBXFileReference section */

/* Begin PBXFrameworksBuildPhase section */
		630DA675236CDF440066DDE6 /* Frameworks */ = {
			isa = PBXFrameworksBuildPhase;
			buildActionMask = 2147483647;
			files = (
				630DA6B5236DFBB80066DDE6 /* Legacy in Frameworks */,
			);
			runOnlyForDeploymentPostprocessing = 0;
		};
/* End PBXFrameworksBuildPhase section */

/* Begin PBXGroup section */
		630DA66F236CDF440066DDE6 = {
			isa = PBXGroup;
			children = (
				630DA67A236CDF440066DDE6 /* RMRSpbPortal */,
				630DA679236CDF440066DDE6 /* Products */,
			);
			sourceTree = "<group>";
		};
		630DA679236CDF440066DDE6 /* Products */ = {
			isa = PBXGroup;
			children = (
				630DA678236CDF440066DDE6 /* RMRSpb.app */,
			);
			name = Products;
			sourceTree = "<group>";
		};
		630DA67A236CDF440066DDE6 /* RMRSpbPortal */ = {
			isa = PBXGroup;
			children = (
				630DA690236CE4E20066DDE6 /* Info.plist */,
				630DA67B236CDF440066DDE6 /* AppDelegate.swift */,
				630DA69C236DF0540066DDE6 /* Configuration */,
				630DA696236CE5D80066DDE6 /* Presentation */,
				630DA6AD236DF7FF0066DDE6 /* Services */,
				630DA6AE236DF8120066DDE6 /* Dependencies */,
				630DA68F236CE3D50066DDE6 /* Resources */,
			);
			path = RMRSpbPortal;
			sourceTree = "<group>";
		};
		630DA683236CDF450066DDE6 /* Preview Content */ = {
			isa = PBXGroup;
			children = (
				630DA684236CDF450066DDE6 /* Preview Assets.xcassets */,
			);
			path = "Preview Content";
			sourceTree = "<group>";
		};
		630DA68F236CE3D50066DDE6 /* Resources */ = {
			isa = PBXGroup;
			children = (
				630DA683236CDF450066DDE6 /* Preview Content */,
				630DA681236CDF450066DDE6 /* Assets.xcassets */,
				630DA686236CDF450066DDE6 /* LaunchScreen.storyboard */,
			);
			path = Resources;
			sourceTree = "<group>";
		};
		630DA696236CE5D80066DDE6 /* Presentation */ = {
			isa = PBXGroup;
			children = (
				630DA697236CE6770066DDE6 /* ApplicationFlow.swift */,
				630DA699236CE8790066DDE6 /* MainMenuFlow */,
			);
			path = Presentation;
			sourceTree = "<group>";
		};
		630DA699236CE8790066DDE6 /* MainMenuFlow */ = {
			isa = PBXGroup;
			children = (
				630DA69A236CE93F0066DDE6 /* MainMenuFlow.swift */,
			);
			path = MainMenuFlow;
			sourceTree = "<group>";
		};
		630DA69C236DF0540066DDE6 /* Configuration */ = {
			isa = PBXGroup;
			children = (
				630DA6A0236DF0FD0066DDE6 /* Prod.xcconfig */,
				630DA6A3236DF2180066DDE6 /* Prod.entitlements */,
				630DA69E236DF0C10066DDE6 /* Dev.xcconfig */,
				630DA6A1236DF1E50066DDE6 /* Dev.entitlements */,
				630DA69F236DF0EC0066DDE6 /* Mock.xcconfig */,
				630DA6A2236DF2040066DDE6 /* Mock.entitlements */,
				630DA6AA236DF6080066DDE6 /* ConfigurationParameters.swift */,
			);
			path = Configuration;
			sourceTree = "<group>";
		};
		630DA6AD236DF7FF0066DDE6 /* Services */ = {
			isa = PBXGroup;
			children = (
				630DA6B7236DFF8B0066DDE6 /* Settings */,
			);
			path = Services;
			sourceTree = "<group>";
		};
		630DA6AE236DF8120066DDE6 /* Dependencies */ = {
			isa = PBXGroup;
			children = (
				630DA6AF236DF9D30066DDE6 /* Dependencies.swift */,
				630DA6BC236E00650066DDE6 /* ContainerBuilder.swift */,
				630DA6B1236DF9E30066DDE6 /* Configurator.swift */,
				630DA6BE236E01490066DDE6 /* MockConfigurator.swift */,
				630DA6C0236E02190066DDE6 /* NetworkConfigurator.swift */,
			);
			path = Dependencies;
			sourceTree = "<group>";
		};
		630DA6B7236DFF8B0066DDE6 /* Settings */ = {
			isa = PBXGroup;
			children = (
				630DA6B8236DFF990066DDE6 /* SettingsService.swift */,
				630DA6BA236DFFB90066DDE6 /* UserDefaultsSettingsService.swift */,
			);
			path = Settings;
			sourceTree = "<group>";
		};
/* End PBXGroup section */

/* Begin PBXNativeTarget section */
		630DA677236CDF440066DDE6 /* RMRSpbPortal */ = {
			isa = PBXNativeTarget;
			buildConfigurationList = 630DA68C236CDF450066DDE6 /* Build configuration list for PBXNativeTarget "RMRSpbPortal" */;
			buildPhases = (
				630DA6B6236DFEF90066DDE6 /* Fix Swift Package Manager */,
				630DA674236CDF440066DDE6 /* Sources */,
				630DA675236CDF440066DDE6 /* Frameworks */,
				630DA676236CDF440066DDE6 /* Resources */,
			);
			buildRules = (
			);
			dependencies = (
			);
			name = RMRSpbPortal;
			packageProductDependencies = (
				630DA6B4236DFBB80066DDE6 /* Legacy */,
			);
			productName = RMRSpbPortal;
			productReference = 630DA678236CDF440066DDE6 /* RMRSpb.app */;
			productType = "com.apple.product-type.application";
		};
/* End PBXNativeTarget section */

/* Begin PBXProject section */
		630DA670236CDF440066DDE6 /* Project object */ = {
			isa = PBXProject;
			attributes = {
				LastSwiftUpdateCheck = 1120;
				LastUpgradeCheck = 1120;
				ORGANIZATIONNAME = RedMadRobot;
				TargetAttributes = {
					630DA677236CDF440066DDE6 = {
						CreatedOnToolsVersion = 11.2;
					};
				};
			};
			buildConfigurationList = 630DA673236CDF440066DDE6 /* Build configuration list for PBXProject "RMRSpbPortal" */;
			compatibilityVersion = "Xcode 9.3";
			developmentRegion = en;
			hasScannedForEncodings = 0;
			knownRegions = (
				en,
				Base,
			);
			mainGroup = 630DA66F236CDF440066DDE6;
			packageReferences = (
				630DA6B3236DFBB80066DDE6 /* XCRemoteSwiftPackageReference "legacy" */,
			);
			productRefGroup = 630DA679236CDF440066DDE6 /* Products */;
			projectDirPath = "";
			projectRoot = "";
			targets = (
				630DA677236CDF440066DDE6 /* RMRSpbPortal */,
			);
		};
/* End PBXProject section */

/* Begin PBXResourcesBuildPhase section */
		630DA676236CDF440066DDE6 /* Resources */ = {
			isa = PBXResourcesBuildPhase;
			buildActionMask = 2147483647;
			files = (
				630DA693236CE52D0066DDE6 /* Assets.xcassets in Resources */,
				630DA694236CE52E0066DDE6 /* LaunchScreen.storyboard in Resources */,
				630DA695236CE53E0066DDE6 /* Preview Assets.xcassets in Resources */,
			);
			runOnlyForDeploymentPostprocessing = 0;
		};
/* End PBXResourcesBuildPhase section */

/* Begin PBXShellScriptBuildPhase section */
		630DA6B6236DFEF90066DDE6 /* Fix Swift Package Manager */ = {
			isa = PBXShellScriptBuildPhase;
			buildActionMask = 2147483647;
			files = (
			);
			inputFileListPaths = (
			);
			inputPaths = (
			);
			name = "Fix Swift Package Manager";
			outputFileListPaths = (
			);
			outputPaths = (
			);
			runOnlyForDeploymentPostprocessing = 0;
			shellPath = /bin/sh;
			shellScript = "if [ -d \"${SYMROOT}/Release${EFFECTIVE_PLATFORM_NAME}/\" ] && [ \"${SYMROOT}/Release${EFFECTIVE_PLATFORM_NAME}/\" != \"${SYMROOT}/${CONFIGURATION}${EFFECTIVE_PLATFORM_NAME}/\" ] \nthen\n  cp -f -R \"${SYMROOT}/Release${EFFECTIVE_PLATFORM_NAME}/\" \"${SYMROOT}/${CONFIGURATION}${EFFECTIVE_PLATFORM_NAME}/\"\nfi\n";
		};
/* End PBXShellScriptBuildPhase section */

/* Begin PBXSourcesBuildPhase section */
		630DA674236CDF440066DDE6 /* Sources */ = {
			isa = PBXSourcesBuildPhase;
			buildActionMask = 2147483647;
			files = (
				630DA6AB236DF6080066DDE6 /* ConfigurationParameters.swift in Sources */,
				630DA6BD236E00650066DDE6 /* ContainerBuilder.swift in Sources */,
				630DA698236CE6770066DDE6 /* ApplicationFlow.swift in Sources */,
				630DA69B236CE93F0066DDE6 /* MainMenuFlow.swift in Sources */,
				630DA6BF236E01490066DDE6 /* MockConfigurator.swift in Sources */,
				630DA6C1236E02190066DDE6 /* NetworkConfigurator.swift in Sources */,
				630DA6B0236DF9D30066DDE6 /* Dependencies.swift in Sources */,
				630DA6B2236DF9E30066DDE6 /* Configurator.swift in Sources */,
				630DA6B9236DFF990066DDE6 /* SettingsService.swift in Sources */,
				630DA67C236CDF440066DDE6 /* AppDelegate.swift in Sources */,
				630DA6BB236DFFBA0066DDE6 /* UserDefaultsSettingsService.swift in Sources */,
			);
			runOnlyForDeploymentPostprocessing = 0;
		};
/* End PBXSourcesBuildPhase section */

/* Begin PBXVariantGroup section */
		630DA686236CDF450066DDE6 /* LaunchScreen.storyboard */ = {
			isa = PBXVariantGroup;
			children = (
				630DA687236CDF450066DDE6 /* Base */,
			);
			name = LaunchScreen.storyboard;
			sourceTree = "<group>";
		};
/* End PBXVariantGroup section */

/* Begin XCBuildConfiguration section */
		630DA6A4236DF2D90066DDE6 /* Prod */ = {
			isa = XCBuildConfiguration;
			baseConfigurationReference = 630DA6A0236DF0FD0066DDE6 /* Prod.xcconfig */;
			buildSettings = {
				ALWAYS_SEARCH_USER_PATHS = NO;
				CLANG_ANALYZER_NONNULL = YES;
				CLANG_ANALYZER_NUMBER_OBJECT_CONVERSION = YES_AGGRESSIVE;
				CLANG_CXX_LANGUAGE_STANDARD = "gnu++14";
				CLANG_CXX_LIBRARY = "libc++";
				CLANG_ENABLE_MODULES = YES;
				CLANG_ENABLE_OBJC_ARC = YES;
				CLANG_ENABLE_OBJC_WEAK = YES;
				CLANG_WARN_BLOCK_CAPTURE_AUTORELEASING = YES;
				CLANG_WARN_BOOL_CONVERSION = YES;
				CLANG_WARN_COMMA = YES;
				CLANG_WARN_CONSTANT_CONVERSION = YES;
				CLANG_WARN_DEPRECATED_OBJC_IMPLEMENTATIONS = YES;
				CLANG_WARN_DIRECT_OBJC_ISA_USAGE = YES_ERROR;
				CLANG_WARN_DOCUMENTATION_COMMENTS = YES;
				CLANG_WARN_EMPTY_BODY = YES;
				CLANG_WARN_ENUM_CONVERSION = YES;
				CLANG_WARN_INFINITE_RECURSION = YES;
				CLANG_WARN_INT_CONVERSION = YES;
				CLANG_WARN_NON_LITERAL_NULL_CONVERSION = YES;
				CLANG_WARN_OBJC_IMPLICIT_RETAIN_SELF = YES;
				CLANG_WARN_OBJC_LITERAL_CONVERSION = YES;
				CLANG_WARN_OBJC_ROOT_CLASS = YES_ERROR;
				CLANG_WARN_RANGE_LOOP_ANALYSIS = YES;
				CLANG_WARN_STRICT_PROTOTYPES = YES;
				CLANG_WARN_SUSPICIOUS_MOVE = YES;
				CLANG_WARN_UNGUARDED_AVAILABILITY = YES_AGGRESSIVE;
				CLANG_WARN_UNREACHABLE_CODE = YES;
				CLANG_WARN__DUPLICATE_METHOD_MATCH = YES;
				COPY_PHASE_STRIP = NO;
				DEBUG_INFORMATION_FORMAT = "dwarf-with-dsym";
				ENABLE_NS_ASSERTIONS = NO;
				ENABLE_STRICT_OBJC_MSGSEND = YES;
				GCC_C_LANGUAGE_STANDARD = gnu11;
				GCC_NO_COMMON_BLOCKS = YES;
				GCC_WARN_64_TO_32_BIT_CONVERSION = YES;
				GCC_WARN_ABOUT_RETURN_TYPE = YES_ERROR;
				GCC_WARN_UNDECLARED_SELECTOR = YES;
				GCC_WARN_UNINITIALIZED_AUTOS = YES_AGGRESSIVE;
				GCC_WARN_UNUSED_FUNCTION = YES;
				GCC_WARN_UNUSED_VARIABLE = YES;
				IPHONEOS_DEPLOYMENT_TARGET = 13.0;
				MTL_ENABLE_DEBUG_INFO = NO;
				MTL_FAST_MATH = YES;
				SDKROOT = iphoneos;
				SWIFT_COMPILATION_MODE = wholemodule;
				SWIFT_OPTIMIZATION_LEVEL = "-O";
				VALIDATE_PRODUCT = YES;
			};
			name = Prod;
		};
		630DA6A5236DF2D90066DDE6 /* Prod */ = {
			isa = XCBuildConfiguration;
			baseConfigurationReference = 630DA6A0236DF0FD0066DDE6 /* Prod.xcconfig */;
			buildSettings = {
				ASSETCATALOG_COMPILER_APPICON_NAME = AppIcon;
				CODE_SIGN_STYLE = Automatic;
				DEVELOPMENT_ASSET_PATHS = "\"RMRSpbPortal/Resources/Preview Content\"";
				DEVELOPMENT_TEAM = SKRU67QKG5;
				ENABLE_PREVIEWS = YES;
				INFOPLIST_FILE = RMRSpbPortal/Info.plist;
				LD_RUNPATH_SEARCH_PATHS = (
					"$(inherited)",
					"@executable_path/Frameworks",
				);
				PRODUCT_BUNDLE_IDENTIFIER = com.redmadrobot.sbpportal;
				SWIFT_VERSION = 5.0;
				TARGETED_DEVICE_FAMILY = "1,2";
			};
			name = Prod;
		};
		630DA6A6236DF3000066DDE6 /* Dev */ = {
			isa = XCBuildConfiguration;
			baseConfigurationReference = 630DA69E236DF0C10066DDE6 /* Dev.xcconfig */;
			buildSettings = {
				ALWAYS_SEARCH_USER_PATHS = NO;
				CLANG_ANALYZER_NONNULL = YES;
				CLANG_ANALYZER_NUMBER_OBJECT_CONVERSION = YES_AGGRESSIVE;
				CLANG_CXX_LANGUAGE_STANDARD = "gnu++14";
				CLANG_CXX_LIBRARY = "libc++";
				CLANG_ENABLE_MODULES = YES;
				CLANG_ENABLE_OBJC_ARC = YES;
				CLANG_ENABLE_OBJC_WEAK = YES;
				CLANG_WARN_BLOCK_CAPTURE_AUTORELEASING = YES;
				CLANG_WARN_BOOL_CONVERSION = YES;
				CLANG_WARN_COMMA = YES;
				CLANG_WARN_CONSTANT_CONVERSION = YES;
				CLANG_WARN_DEPRECATED_OBJC_IMPLEMENTATIONS = YES;
				CLANG_WARN_DIRECT_OBJC_ISA_USAGE = YES_ERROR;
				CLANG_WARN_DOCUMENTATION_COMMENTS = YES;
				CLANG_WARN_EMPTY_BODY = YES;
				CLANG_WARN_ENUM_CONVERSION = YES;
				CLANG_WARN_INFINITE_RECURSION = YES;
				CLANG_WARN_INT_CONVERSION = YES;
				CLANG_WARN_NON_LITERAL_NULL_CONVERSION = YES;
				CLANG_WARN_OBJC_IMPLICIT_RETAIN_SELF = YES;
				CLANG_WARN_OBJC_LITERAL_CONVERSION = YES;
				CLANG_WARN_OBJC_ROOT_CLASS = YES_ERROR;
				CLANG_WARN_RANGE_LOOP_ANALYSIS = YES;
				CLANG_WARN_STRICT_PROTOTYPES = YES;
				CLANG_WARN_SUSPICIOUS_MOVE = YES;
				CLANG_WARN_UNGUARDED_AVAILABILITY = YES_AGGRESSIVE;
				CLANG_WARN_UNREACHABLE_CODE = YES;
				CLANG_WARN__DUPLICATE_METHOD_MATCH = YES;
				COPY_PHASE_STRIP = NO;
				DEBUG_INFORMATION_FORMAT = "dwarf-with-dsym";
				ENABLE_NS_ASSERTIONS = NO;
				ENABLE_STRICT_OBJC_MSGSEND = YES;
				GCC_C_LANGUAGE_STANDARD = gnu11;
				GCC_NO_COMMON_BLOCKS = YES;
				GCC_WARN_64_TO_32_BIT_CONVERSION = YES;
				GCC_WARN_ABOUT_RETURN_TYPE = YES_ERROR;
				GCC_WARN_UNDECLARED_SELECTOR = YES;
				GCC_WARN_UNINITIALIZED_AUTOS = YES_AGGRESSIVE;
				GCC_WARN_UNUSED_FUNCTION = YES;
				GCC_WARN_UNUSED_VARIABLE = YES;
				IPHONEOS_DEPLOYMENT_TARGET = 13.0;
				MTL_ENABLE_DEBUG_INFO = NO;
				MTL_FAST_MATH = YES;
				SDKROOT = iphoneos;
				SWIFT_COMPILATION_MODE = wholemodule;
				SWIFT_OPTIMIZATION_LEVEL = "-O";
				VALIDATE_PRODUCT = YES;
			};
			name = Dev;
		};
		630DA6A7236DF3000066DDE6 /* Dev */ = {
			isa = XCBuildConfiguration;
			baseConfigurationReference = 630DA69E236DF0C10066DDE6 /* Dev.xcconfig */;
			buildSettings = {
				ASSETCATALOG_COMPILER_APPICON_NAME = AppIcon;
				CODE_SIGN_STYLE = Automatic;
				DEVELOPMENT_ASSET_PATHS = "\"RMRSpbPortal/Resources/Preview Content\"";
				DEVELOPMENT_TEAM = SKRU67QKG5;
				ENABLE_PREVIEWS = YES;
				INFOPLIST_FILE = RMRSpbPortal/Info.plist;
				LD_RUNPATH_SEARCH_PATHS = (
					"$(inherited)",
					"@executable_path/Frameworks",
				);
				PRODUCT_BUNDLE_IDENTIFIER = com.redmadrobot.sbpportal;
				SWIFT_VERSION = 5.0;
				TARGETED_DEVICE_FAMILY = "1,2";
			};
			name = Dev;
		};
		630DA6A8236DF30B0066DDE6 /* Mock */ = {
			isa = XCBuildConfiguration;
			baseConfigurationReference = 630DA69F236DF0EC0066DDE6 /* Mock.xcconfig */;
			buildSettings = {
				ALWAYS_SEARCH_USER_PATHS = NO;
				CLANG_ANALYZER_NONNULL = YES;
				CLANG_ANALYZER_NUMBER_OBJECT_CONVERSION = YES_AGGRESSIVE;
				CLANG_CXX_LANGUAGE_STANDARD = "gnu++14";
				CLANG_CXX_LIBRARY = "libc++";
				CLANG_ENABLE_MODULES = YES;
				CLANG_ENABLE_OBJC_ARC = YES;
				CLANG_ENABLE_OBJC_WEAK = YES;
				CLANG_WARN_BLOCK_CAPTURE_AUTORELEASING = YES;
				CLANG_WARN_BOOL_CONVERSION = YES;
				CLANG_WARN_COMMA = YES;
				CLANG_WARN_CONSTANT_CONVERSION = YES;
				CLANG_WARN_DEPRECATED_OBJC_IMPLEMENTATIONS = YES;
				CLANG_WARN_DIRECT_OBJC_ISA_USAGE = YES_ERROR;
				CLANG_WARN_DOCUMENTATION_COMMENTS = YES;
				CLANG_WARN_EMPTY_BODY = YES;
				CLANG_WARN_ENUM_CONVERSION = YES;
				CLANG_WARN_INFINITE_RECURSION = YES;
				CLANG_WARN_INT_CONVERSION = YES;
				CLANG_WARN_NON_LITERAL_NULL_CONVERSION = YES;
				CLANG_WARN_OBJC_IMPLICIT_RETAIN_SELF = YES;
				CLANG_WARN_OBJC_LITERAL_CONVERSION = YES;
				CLANG_WARN_OBJC_ROOT_CLASS = YES_ERROR;
				CLANG_WARN_RANGE_LOOP_ANALYSIS = YES;
				CLANG_WARN_STRICT_PROTOTYPES = YES;
				CLANG_WARN_SUSPICIOUS_MOVE = YES;
				CLANG_WARN_UNGUARDED_AVAILABILITY = YES_AGGRESSIVE;
				CLANG_WARN_UNREACHABLE_CODE = YES;
				CLANG_WARN__DUPLICATE_METHOD_MATCH = YES;
				COPY_PHASE_STRIP = NO;
				DEBUG_INFORMATION_FORMAT = "dwarf-with-dsym";
				ENABLE_NS_ASSERTIONS = NO;
				ENABLE_STRICT_OBJC_MSGSEND = YES;
				GCC_C_LANGUAGE_STANDARD = gnu11;
				GCC_NO_COMMON_BLOCKS = YES;
				GCC_WARN_64_TO_32_BIT_CONVERSION = YES;
				GCC_WARN_ABOUT_RETURN_TYPE = YES_ERROR;
				GCC_WARN_UNDECLARED_SELECTOR = YES;
				GCC_WARN_UNINITIALIZED_AUTOS = YES_AGGRESSIVE;
				GCC_WARN_UNUSED_FUNCTION = YES;
				GCC_WARN_UNUSED_VARIABLE = YES;
				IPHONEOS_DEPLOYMENT_TARGET = 13.0;
				MTL_ENABLE_DEBUG_INFO = NO;
				MTL_FAST_MATH = YES;
				SDKROOT = iphoneos;
				SWIFT_COMPILATION_MODE = wholemodule;
				SWIFT_OPTIMIZATION_LEVEL = "-O";
				VALIDATE_PRODUCT = YES;
			};
			name = Mock;
		};
		630DA6A9236DF30B0066DDE6 /* Mock */ = {
			isa = XCBuildConfiguration;
			baseConfigurationReference = 630DA69F236DF0EC0066DDE6 /* Mock.xcconfig */;
			buildSettings = {
				ASSETCATALOG_COMPILER_APPICON_NAME = AppIcon;
				CODE_SIGN_STYLE = Automatic;
				DEVELOPMENT_ASSET_PATHS = "\"RMRSpbPortal/Resources/Preview Content\"";
				DEVELOPMENT_TEAM = SKRU67QKG5;
				ENABLE_PREVIEWS = YES;
				INFOPLIST_FILE = RMRSpbPortal/Info.plist;
				LD_RUNPATH_SEARCH_PATHS = (
					"$(inherited)",
					"@executable_path/Frameworks",
				);
				PRODUCT_BUNDLE_IDENTIFIER = com.redmadrobot.sbpportal;
				SWIFT_VERSION = 5.0;
				TARGETED_DEVICE_FAMILY = "1,2";
			};
			name = Mock;
		};
/* End XCBuildConfiguration section */

/* Begin XCConfigurationList section */
		630DA673236CDF440066DDE6 /* Build configuration list for PBXProject "RMRSpbPortal" */ = {
			isa = XCConfigurationList;
			buildConfigurations = (
				630DA6A4236DF2D90066DDE6 /* Prod */,
				630DA6A6236DF3000066DDE6 /* Dev */,
				630DA6A8236DF30B0066DDE6 /* Mock */,
			);
			defaultConfigurationIsVisible = 0;
			defaultConfigurationName = Prod;
		};
		630DA68C236CDF450066DDE6 /* Build configuration list for PBXNativeTarget "RMRSpbPortal" */ = {
			isa = XCConfigurationList;
			buildConfigurations = (
				630DA6A5236DF2D90066DDE6 /* Prod */,
				630DA6A7236DF3000066DDE6 /* Dev */,
				630DA6A9236DF30B0066DDE6 /* Mock */,
			);
			defaultConfigurationIsVisible = 0;
			defaultConfigurationName = Prod;
		};
/* End XCConfigurationList section */

/* Begin XCRemoteSwiftPackageReference section */
		630DA6B3236DFBB80066DDE6 /* XCRemoteSwiftPackageReference "legacy" */ = {
			isa = XCRemoteSwiftPackageReference;
			repositoryURL = "https://github.com/eugeneego/legacy";
			requirement = {
				kind = upToNextMajorVersion;
				minimumVersion = 7.0.4;
			};
		};
/* End XCRemoteSwiftPackageReference section */

/* Begin XCSwiftPackageProductDependency section */
		630DA6B4236DFBB80066DDE6 /* Legacy */ = {
			isa = XCSwiftPackageProductDependency;
			package = 630DA6B3236DFBB80066DDE6 /* XCRemoteSwiftPackageReference "legacy" */;
			productName = Legacy;
		};
/* End XCSwiftPackageProductDependency section */
	};
	rootObject = 630DA670236CDF440066DDE6 /* Project object */;
}
