// !$*UTF8*$!
{
	archiveVersion = 1;
	classes = {
	};
	objectVersion = 50;
	objects = {

/* Begin PBXBuildFile section */
		23FE050C23BA462E00DBD772 /* Legacy.framework in Frameworks */ = {isa = PBXBuildFile; fileRef = 23FE050B23BA462E00DBD772 /* Legacy.framework */; };
		630DA67C236CDF440066DDE6 /* AppDelegate.swift in Sources */ = {isa = PBXBuildFile; fileRef = 630DA67B236CDF440066DDE6 /* AppDelegate.swift */; };
		630DA693236CE52D0066DDE6 /* Assets.xcassets in Resources */ = {isa = PBXBuildFile; fileRef = 630DA681236CDF450066DDE6 /* Assets.xcassets */; };
		630DA694236CE52E0066DDE6 /* LaunchScreen.storyboard in Resources */ = {isa = PBXBuildFile; fileRef = 630DA686236CDF450066DDE6 /* LaunchScreen.storyboard */; };
		630DA695236CE53E0066DDE6 /* Preview Assets.xcassets in Resources */ = {isa = PBXBuildFile; fileRef = 630DA684236CDF450066DDE6 /* Preview Assets.xcassets */; };
		630DA698236CE6770066DDE6 /* ApplicationFlow.swift in Sources */ = {isa = PBXBuildFile; fileRef = 630DA697236CE6770066DDE6 /* ApplicationFlow.swift */; };
		630DA6AB236DF6080066DDE6 /* ConfigurationParameters.swift in Sources */ = {isa = PBXBuildFile; fileRef = 630DA6AA236DF6080066DDE6 /* ConfigurationParameters.swift */; };
		630DA6B9236DFF990066DDE6 /* SettingsService.swift in Sources */ = {isa = PBXBuildFile; fileRef = 630DA6B8236DFF990066DDE6 /* SettingsService.swift */; };
		630DA6BB236DFFBA0066DDE6 /* UserDefaultsSettingsService.swift in Sources */ = {isa = PBXBuildFile; fileRef = 630DA6BA236DFFB90066DDE6 /* UserDefaultsSettingsService.swift */; };
		C39074D9C039082BDEB15F8A /* DevicesManagementFlow.swift in Sources */ = {isa = PBXBuildFile; fileRef = C3985B3D0B93D04F7A1E4844 /* DevicesManagementFlow.swift */; };
		C39190F1B8E14B5510EADC45 /* DevicesListViewModel.swift in Sources */ = {isa = PBXBuildFile; fileRef = C393C27E89DCDEB5593ED146 /* DevicesListViewModel.swift */; };
		C39194EB781ABA49A4BA8D76 /* Subject+AnySubscriber.swift in Sources */ = {isa = PBXBuildFile; fileRef = C394E59EF9ED45ADC4B18F65 /* Subject+AnySubscriber.swift */; };
		C394B85F5B6496733CB15C96 /* Project.swift in Sources */ = {isa = PBXBuildFile; fileRef = C39432C2F328C31CBBEBB7AD /* Project.swift */; };
		C394D13D29731ED47FD3D1DC /* NetworkConfigurator.swift in Sources */ = {isa = PBXBuildFile; fileRef = C39D600D7586A6ADDCC8F96C /* NetworkConfigurator.swift */; };
		C3953DD9FF1377D623028A9C /* DevicesListModule.swift in Sources */ = {isa = PBXBuildFile; fileRef = C39EED693EF52AD5018D9DC2 /* DevicesListModule.swift */; };
		C395642B218DDD55ADC758C0 /* DependencyInjectionContainerDependency.swift in Sources */ = {isa = PBXBuildFile; fileRef = C392314056F3927CEB8B0A83 /* DependencyInjectionContainerDependency.swift */; };
		C395A7A531EC7CB168C005AA /* Device.swift in Sources */ = {isa = PBXBuildFile; fileRef = C3926B64B45705D7781FAE15 /* Device.swift */; };
		C395C7E485D67E03FD418763 /* ProjectsService.swift in Sources */ = {isa = PBXBuildFile; fileRef = C390ED793ADBE54E0ED4D24A /* ProjectsService.swift */; };
		C397295EC63DC85555B3FDE2 /* ContainerBuilder.swift in Sources */ = {isa = PBXBuildFile; fileRef = C393F9062073C0BCF3785D97 /* ContainerBuilder.swift */; };
		C39729E3E1AF04A6E0ECB58F /* DevicesManagementService.swift in Sources */ = {isa = PBXBuildFile; fileRef = C398E98E5058BFFE6060FF81 /* DevicesManagementService.swift */; };
		C39785F597431B68A0FB71A7 /* MockConfigurator.swift in Sources */ = {isa = PBXBuildFile; fileRef = C390546F9271ADB5CC31F98C /* MockConfigurator.swift */; };
		C3988DF92D1690FC87A0C8E3 /* Configurator.swift in Sources */ = {isa = PBXBuildFile; fileRef = C392390A93AA14380B18AF7D /* Configurator.swift */; };
		C39A27DE28FF605044B4A0EA /* MockDevicesManagementService.swift in Sources */ = {isa = PBXBuildFile; fileRef = C3937967B99EB22CF82C6B5E /* MockDevicesManagementService.swift */; };
		C39A3D049ED3D04D3CA2DC42 /* DevicesManagementServiceDependency.swift in Sources */ = {isa = PBXBuildFile; fileRef = C39B05B9C52B6E851897F1A1 /* DevicesManagementServiceDependency.swift */; };
		C39BD4EA8DEE300EA45D065F /* SettingsServiceDependency.swift in Sources */ = {isa = PBXBuildFile; fileRef = C39BAA4424822163D239E575 /* SettingsServiceDependency.swift */; };
		C39E304D8207A321794B28EC /* MainMenuFlow.swift in Sources */ = {isa = PBXBuildFile; fileRef = C395570404EA75E8E424DE81 /* MainMenuFlow.swift */; };
		C39EF2C56997D8B225D053CB /* DevicesListViewController.swift in Sources */ = {isa = PBXBuildFile; fileRef = C3962CB781240A67DF011B9F /* DevicesListViewController.swift */; };
/* End PBXBuildFile section */

/* Begin PBXFileReference section */
		23FE050B23BA462E00DBD772 /* Legacy.framework */ = {isa = PBXFileReference; lastKnownFileType = wrapper.framework; name = Legacy.framework; path = Carthage/Build/iOS/Legacy.framework; sourceTree = "<group>"; };
		630DA678236CDF440066DDE6 /* RMRSpb.app */ = {isa = PBXFileReference; explicitFileType = wrapper.application; includeInIndex = 0; path = RMRSpb.app; sourceTree = BUILT_PRODUCTS_DIR; };
		630DA67B236CDF440066DDE6 /* AppDelegate.swift */ = {isa = PBXFileReference; lastKnownFileType = sourcecode.swift; path = AppDelegate.swift; sourceTree = "<group>"; };
		630DA681236CDF450066DDE6 /* Assets.xcassets */ = {isa = PBXFileReference; lastKnownFileType = folder.assetcatalog; path = Assets.xcassets; sourceTree = "<group>"; };
		630DA684236CDF450066DDE6 /* Preview Assets.xcassets */ = {isa = PBXFileReference; lastKnownFileType = folder.assetcatalog; path = "Preview Assets.xcassets"; sourceTree = "<group>"; };
		630DA687236CDF450066DDE6 /* Base */ = {isa = PBXFileReference; lastKnownFileType = file.storyboard; name = Base; path = Base.lproj/LaunchScreen.storyboard; sourceTree = "<group>"; };
		630DA690236CE4E20066DDE6 /* Info.plist */ = {isa = PBXFileReference; fileEncoding = 4; lastKnownFileType = text.plist.xml; path = Info.plist; sourceTree = "<group>"; };
		630DA697236CE6770066DDE6 /* ApplicationFlow.swift */ = {isa = PBXFileReference; lastKnownFileType = sourcecode.swift; path = ApplicationFlow.swift; sourceTree = "<group>"; };
		630DA69E236DF0C10066DDE6 /* Dev.xcconfig */ = {isa = PBXFileReference; lastKnownFileType = text.xcconfig; path = Dev.xcconfig; sourceTree = "<group>"; };
		630DA69F236DF0EC0066DDE6 /* Mock.xcconfig */ = {isa = PBXFileReference; lastKnownFileType = text.xcconfig; path = Mock.xcconfig; sourceTree = "<group>"; };
		630DA6A0236DF0FD0066DDE6 /* Prod.xcconfig */ = {isa = PBXFileReference; lastKnownFileType = text.xcconfig; path = Prod.xcconfig; sourceTree = "<group>"; };
		630DA6A1236DF1E50066DDE6 /* Dev.entitlements */ = {isa = PBXFileReference; lastKnownFileType = text.plist.entitlements; path = Dev.entitlements; sourceTree = "<group>"; };
		630DA6A2236DF2040066DDE6 /* Mock.entitlements */ = {isa = PBXFileReference; lastKnownFileType = text.plist.entitlements; path = Mock.entitlements; sourceTree = "<group>"; };
		630DA6A3236DF2180066DDE6 /* Prod.entitlements */ = {isa = PBXFileReference; lastKnownFileType = text.plist.entitlements; path = Prod.entitlements; sourceTree = "<group>"; };
		630DA6AA236DF6080066DDE6 /* ConfigurationParameters.swift */ = {isa = PBXFileReference; lastKnownFileType = sourcecode.swift; path = ConfigurationParameters.swift; sourceTree = "<group>"; };
		630DA6B8236DFF990066DDE6 /* SettingsService.swift */ = {isa = PBXFileReference; lastKnownFileType = sourcecode.swift; path = SettingsService.swift; sourceTree = "<group>"; };
		630DA6BA236DFFB90066DDE6 /* UserDefaultsSettingsService.swift */ = {isa = PBXFileReference; lastKnownFileType = sourcecode.swift; path = UserDefaultsSettingsService.swift; sourceTree = "<group>"; };
		C390546F9271ADB5CC31F98C /* MockConfigurator.swift */ = {isa = PBXFileReference; fileEncoding = 4; lastKnownFileType = sourcecode.swift; path = MockConfigurator.swift; sourceTree = "<group>"; };
		C390ED793ADBE54E0ED4D24A /* ProjectsService.swift */ = {isa = PBXFileReference; fileEncoding = 4; lastKnownFileType = sourcecode.swift; path = ProjectsService.swift; sourceTree = "<group>"; };
		C392314056F3927CEB8B0A83 /* DependencyInjectionContainerDependency.swift */ = {isa = PBXFileReference; fileEncoding = 4; lastKnownFileType = sourcecode.swift; path = DependencyInjectionContainerDependency.swift; sourceTree = "<group>"; };
		C392390A93AA14380B18AF7D /* Configurator.swift */ = {isa = PBXFileReference; fileEncoding = 4; lastKnownFileType = sourcecode.swift; path = Configurator.swift; sourceTree = "<group>"; };
		C3926B64B45705D7781FAE15 /* Device.swift */ = {isa = PBXFileReference; fileEncoding = 4; lastKnownFileType = sourcecode.swift; path = Device.swift; sourceTree = "<group>"; };
		C3937967B99EB22CF82C6B5E /* MockDevicesManagementService.swift */ = {isa = PBXFileReference; fileEncoding = 4; lastKnownFileType = sourcecode.swift; path = MockDevicesManagementService.swift; sourceTree = "<group>"; };
		C393C27E89DCDEB5593ED146 /* DevicesListViewModel.swift */ = {isa = PBXFileReference; fileEncoding = 4; lastKnownFileType = sourcecode.swift; path = DevicesListViewModel.swift; sourceTree = "<group>"; };
		C393F9062073C0BCF3785D97 /* ContainerBuilder.swift */ = {isa = PBXFileReference; fileEncoding = 4; lastKnownFileType = sourcecode.swift; path = ContainerBuilder.swift; sourceTree = "<group>"; };
		C39432C2F328C31CBBEBB7AD /* Project.swift */ = {isa = PBXFileReference; fileEncoding = 4; lastKnownFileType = sourcecode.swift; path = Project.swift; sourceTree = "<group>"; };
		C394E59EF9ED45ADC4B18F65 /* Subject+AnySubscriber.swift */ = {isa = PBXFileReference; fileEncoding = 4; lastKnownFileType = sourcecode.swift; path = "Subject+AnySubscriber.swift"; sourceTree = "<group>"; };
		C395570404EA75E8E424DE81 /* MainMenuFlow.swift */ = {isa = PBXFileReference; fileEncoding = 4; lastKnownFileType = sourcecode.swift; path = MainMenuFlow.swift; sourceTree = "<group>"; };
		C3962CB781240A67DF011B9F /* DevicesListViewController.swift */ = {isa = PBXFileReference; fileEncoding = 4; lastKnownFileType = sourcecode.swift; path = DevicesListViewController.swift; sourceTree = "<group>"; };
		C3985B3D0B93D04F7A1E4844 /* DevicesManagementFlow.swift */ = {isa = PBXFileReference; fileEncoding = 4; lastKnownFileType = sourcecode.swift; path = DevicesManagementFlow.swift; sourceTree = "<group>"; };
		C398E98E5058BFFE6060FF81 /* DevicesManagementService.swift */ = {isa = PBXFileReference; fileEncoding = 4; lastKnownFileType = sourcecode.swift; path = DevicesManagementService.swift; sourceTree = "<group>"; };
		C39B05B9C52B6E851897F1A1 /* DevicesManagementServiceDependency.swift */ = {isa = PBXFileReference; fileEncoding = 4; lastKnownFileType = sourcecode.swift; path = DevicesManagementServiceDependency.swift; sourceTree = "<group>"; };
		C39BAA4424822163D239E575 /* SettingsServiceDependency.swift */ = {isa = PBXFileReference; fileEncoding = 4; lastKnownFileType = sourcecode.swift; path = SettingsServiceDependency.swift; sourceTree = "<group>"; };
		C39D600D7586A6ADDCC8F96C /* NetworkConfigurator.swift */ = {isa = PBXFileReference; fileEncoding = 4; lastKnownFileType = sourcecode.swift; path = NetworkConfigurator.swift; sourceTree = "<group>"; };
		C39EED693EF52AD5018D9DC2 /* DevicesListModule.swift */ = {isa = PBXFileReference; fileEncoding = 4; lastKnownFileType = sourcecode.swift; path = DevicesListModule.swift; sourceTree = "<group>"; };
/* End PBXFileReference section */

/* Begin PBXFrameworksBuildPhase section */
		630DA675236CDF440066DDE6 /* Frameworks */ = {
			isa = PBXFrameworksBuildPhase;
			buildActionMask = 2147483647;
			files = (
				23FE050C23BA462E00DBD772 /* Legacy.framework in Frameworks */,
			);
			runOnlyForDeploymentPostprocessing = 0;
		};
/* End PBXFrameworksBuildPhase section */

/* Begin PBXGroup section */
		23FE050A23BA462E00DBD772 /* Frameworks */ = {
			isa = PBXGroup;
			children = (
				23FE050B23BA462E00DBD772 /* Legacy.framework */,
			);
			name = Frameworks;
			sourceTree = "<group>";
		};
		23FE050F23BA467100DBD772 /* Dependencies */ = {
			isa = PBXGroup;
			children = (
				C392314056F3927CEB8B0A83 /* DependencyInjectionContainerDependency.swift */,
				C39BAA4424822163D239E575 /* SettingsServiceDependency.swift */,
				C39B05B9C52B6E851897F1A1 /* DevicesManagementServiceDependency.swift */,
			);
			path = Dependencies;
			sourceTree = "<group>";
		};
		630DA66F236CDF440066DDE6 = {
			isa = PBXGroup;
			children = (
				630DA67A236CDF440066DDE6 /* RMRSpbPortal */,
				630DA679236CDF440066DDE6 /* Products */,
				23FE050A23BA462E00DBD772 /* Frameworks */,
			);
			sourceTree = "<group>";
		};
		630DA679236CDF440066DDE6 /* Products */ = {
			isa = PBXGroup;
			children = (
				630DA678236CDF440066DDE6 /* RMRSpb.app */,
			);
			name = Products;
			sourceTree = "<group>";
		};
		630DA67A236CDF440066DDE6 /* RMRSpbPortal */ = {
			isa = PBXGroup;
			children = (
				630DA690236CE4E20066DDE6 /* Info.plist */,
				630DA67B236CDF440066DDE6 /* AppDelegate.swift */,
				630DA69C236DF0540066DDE6 /* Configuration */,
				630DA696236CE5D80066DDE6 /* Flows */,
				630DA6AD236DF7FF0066DDE6 /* Services */,
				630DA68F236CE3D50066DDE6 /* Resources */,
				23FE050F23BA467100DBD772 /* Dependencies */,
				C395EF56C348C93154258644 /* Configurators */,
				C398F1EA966C93636ABFC3C4 /* Modules */,
				C39D7CB162CB9DC5A06E05CA /* Common */,
			);
			path = RMRSpbPortal;
			sourceTree = "<group>";
		};
		630DA683236CDF450066DDE6 /* Preview Content */ = {
			isa = PBXGroup;
			children = (
				630DA684236CDF450066DDE6 /* Preview Assets.xcassets */,
			);
			path = "Preview Content";
			sourceTree = "<group>";
		};
		630DA68F236CE3D50066DDE6 /* Resources */ = {
			isa = PBXGroup;
			children = (
				630DA683236CDF450066DDE6 /* Preview Content */,
				630DA681236CDF450066DDE6 /* Assets.xcassets */,
				630DA686236CDF450066DDE6 /* LaunchScreen.storyboard */,
			);
			path = Resources;
			sourceTree = "<group>";
		};
		630DA696236CE5D80066DDE6 /* Flows */ = {
			isa = PBXGroup;
			children = (
				630DA697236CE6770066DDE6 /* ApplicationFlow.swift */,
				C3985B3D0B93D04F7A1E4844 /* DevicesManagementFlow.swift */,
				C395570404EA75E8E424DE81 /* MainMenuFlow.swift */,
			);
			path = Flows;
			sourceTree = "<group>";
		};
		630DA69C236DF0540066DDE6 /* Configuration */ = {
			isa = PBXGroup;
			children = (
				630DA6A0236DF0FD0066DDE6 /* Prod.xcconfig */,
				630DA6A3236DF2180066DDE6 /* Prod.entitlements */,
				630DA69E236DF0C10066DDE6 /* Dev.xcconfig */,
				630DA6A1236DF1E50066DDE6 /* Dev.entitlements */,
				630DA69F236DF0EC0066DDE6 /* Mock.xcconfig */,
				630DA6A2236DF2040066DDE6 /* Mock.entitlements */,
				630DA6AA236DF6080066DDE6 /* ConfigurationParameters.swift */,
			);
			path = Configuration;
			sourceTree = "<group>";
		};
		630DA6AD236DF7FF0066DDE6 /* Services */ = {
			isa = PBXGroup;
			children = (
				630DA6B7236DFF8B0066DDE6 /* Settings */,
				C3999A5B304BFD4882A3A7DC /* DevicesManagement */,
				C3968F68DE582A1F56249504 /* Projects */,
			);
			path = Services;
			sourceTree = "<group>";
		};
		630DA6B7236DFF8B0066DDE6 /* Settings */ = {
			isa = PBXGroup;
			children = (
				630DA6B8236DFF990066DDE6 /* SettingsService.swift */,
				630DA6BA236DFFB90066DDE6 /* UserDefaultsSettingsService.swift */,
			);
			path = Settings;
			sourceTree = "<group>";
		};
		C392A94BC38D232C9C17BBE1 /* Models */ = {
			isa = PBXGroup;
			children = (
				C3926B64B45705D7781FAE15 /* Device.swift */,
			);
			path = Models;
			sourceTree = "<group>";
		};
		C39481D8B285826740156DD4 /* Models */ = {
			isa = PBXGroup;
			children = (
				C39432C2F328C31CBBEBB7AD /* Project.swift */,
			);
			path = Models;
			sourceTree = "<group>";
		};
		C395EF56C348C93154258644 /* Configurators */ = {
			isa = PBXGroup;
			children = (
				C39D600D7586A6ADDCC8F96C /* NetworkConfigurator.swift */,
				C390546F9271ADB5CC31F98C /* MockConfigurator.swift */,
				C392390A93AA14380B18AF7D /* Configurator.swift */,
				C393F9062073C0BCF3785D97 /* ContainerBuilder.swift */,
			);
			path = Configurators;
			sourceTree = "<group>";
		};
		C3968F68DE582A1F56249504 /* Projects */ = {
			isa = PBXGroup;
			children = (
				C390ED793ADBE54E0ED4D24A /* ProjectsService.swift */,
				C39481D8B285826740156DD4 /* Models */,
			);
			path = Projects;
			sourceTree = "<group>";
		};
		C398F1EA966C93636ABFC3C4 /* Modules */ = {
			isa = PBXGroup;
			children = (
				C39A901464795996457F57BF /* DevicesList */,
			);
			path = Modules;
			sourceTree = "<group>";
		};
		C3999A5B304BFD4882A3A7DC /* DevicesManagement */ = {
			isa = PBXGroup;
			children = (
				C398E98E5058BFFE6060FF81 /* DevicesManagementService.swift */,
				C392A94BC38D232C9C17BBE1 /* Models */,
				C3937967B99EB22CF82C6B5E /* MockDevicesManagementService.swift */,
			);
			path = DevicesManagement;
			sourceTree = "<group>";
		};
		C39A901464795996457F57BF /* DevicesList */ = {
			isa = PBXGroup;
			children = (
				C3962CB781240A67DF011B9F /* DevicesListViewController.swift */,
				C393C27E89DCDEB5593ED146 /* DevicesListViewModel.swift */,
				C39EED693EF52AD5018D9DC2 /* DevicesListModule.swift */,
			);
			path = DevicesList;
			sourceTree = "<group>";
		};
		C39D7CB162CB9DC5A06E05CA /* Common */ = {
			isa = PBXGroup;
			children = (
				C394E59EF9ED45ADC4B18F65 /* Subject+AnySubscriber.swift */,
			);
			path = Common;
			sourceTree = "<group>";
		};
/* End PBXGroup section */

/* Begin PBXNativeTarget section */
		630DA677236CDF440066DDE6 /* RMRSpbPortal */ = {
			isa = PBXNativeTarget;
			buildConfigurationList = 630DA68C236CDF450066DDE6 /* Build configuration list for PBXNativeTarget "RMRSpbPortal" */;
			buildPhases = (
				630DA6B6236DFEF90066DDE6 /* Fix Swift Package Manager */,
				630DA674236CDF440066DDE6 /* Sources */,
				630DA675236CDF440066DDE6 /* Frameworks */,
				630DA676236CDF440066DDE6 /* Resources */,
				23FE050923BA444D00DBD772 /* Carthage */,
			);
			buildRules = (
			);
			dependencies = (
			);
			name = RMRSpbPortal;
			packageProductDependencies = (
			);
			productName = RMRSpbPortal;
			productReference = 630DA678236CDF440066DDE6 /* RMRSpb.app */;
			productType = "com.apple.product-type.application";
		};
/* End PBXNativeTarget section */

/* Begin PBXProject section */
		630DA670236CDF440066DDE6 /* Project object */ = {
			isa = PBXProject;
			attributes = {
				LastSwiftUpdateCheck = 1120;
				LastUpgradeCheck = 1120;
				ORGANIZATIONNAME = RedMadRobot;
				TargetAttributes = {
					630DA677236CDF440066DDE6 = {
						CreatedOnToolsVersion = 11.2;
					};
				};
			};
			buildConfigurationList = 630DA673236CDF440066DDE6 /* Build configuration list for PBXProject "RMRSpbPortal" */;
			compatibilityVersion = "Xcode 9.3";
			developmentRegion = en;
			hasScannedForEncodings = 0;
			knownRegions = (
				en,
				Base,
			);
			mainGroup = 630DA66F236CDF440066DDE6;
			packageReferences = (
			);
			productRefGroup = 630DA679236CDF440066DDE6 /* Products */;
			projectDirPath = "";
			projectRoot = "";
			targets = (
				630DA677236CDF440066DDE6 /* RMRSpbPortal */,
			);
		};
/* End PBXProject section */

/* Begin PBXResourcesBuildPhase section */
		630DA676236CDF440066DDE6 /* Resources */ = {
			isa = PBXResourcesBuildPhase;
			buildActionMask = 2147483647;
			files = (
				630DA693236CE52D0066DDE6 /* Assets.xcassets in Resources */,
				630DA694236CE52E0066DDE6 /* LaunchScreen.storyboard in Resources */,
				630DA695236CE53E0066DDE6 /* Preview Assets.xcassets in Resources */,
			);
			runOnlyForDeploymentPostprocessing = 0;
		};
/* End PBXResourcesBuildPhase section */

/* Begin PBXShellScriptBuildPhase section */
		23FE050923BA444D00DBD772 /* Carthage */ = {
			isa = PBXShellScriptBuildPhase;
			buildActionMask = 2147483647;
			files = (
			);
			inputFileListPaths = (
			);
			inputPaths = (
				"$(SRCROOT)/Carthage/Build/iOS/Legacy.framework",
			);
			name = Carthage;
			outputFileListPaths = (
			);
			outputPaths = (
				"$(BUILT_PRODUCTS_DIR)/$(FRAMEWORKS_FOLDER_PATH)/Legacy.framework",
			);
			runOnlyForDeploymentPostprocessing = 0;
			shellPath = /bin/sh;
			shellScript = "/usr/local/bin/carthage copy-frameworks\n";
		};
		630DA6B6236DFEF90066DDE6 /* Fix Swift Package Manager */ = {
			isa = PBXShellScriptBuildPhase;
			buildActionMask = 2147483647;
			files = (
			);
			inputFileListPaths = (
			);
			inputPaths = (
			);
			name = "Fix Swift Package Manager";
			outputFileListPaths = (
			);
			outputPaths = (
			);
			runOnlyForDeploymentPostprocessing = 0;
			shellPath = /bin/sh;
			shellScript = "if [ -d \"${SYMROOT}/Release${EFFECTIVE_PLATFORM_NAME}/\" ] && [ \"${SYMROOT}/Release${EFFECTIVE_PLATFORM_NAME}/\" != \"${SYMROOT}/${CONFIGURATION}${EFFECTIVE_PLATFORM_NAME}/\" ] \nthen\n  cp -f -R \"${SYMROOT}/Release${EFFECTIVE_PLATFORM_NAME}/\" \"${SYMROOT}/${CONFIGURATION}${EFFECTIVE_PLATFORM_NAME}/\"\nfi\n";
		};
/* End PBXShellScriptBuildPhase section */

/* Begin PBXSourcesBuildPhase section */
		630DA674236CDF440066DDE6 /* Sources */ = {
			isa = PBXSourcesBuildPhase;
			buildActionMask = 2147483647;
			files = (
				630DA6AB236DF6080066DDE6 /* ConfigurationParameters.swift in Sources */,
				630DA698236CE6770066DDE6 /* ApplicationFlow.swift in Sources */,
				630DA6B9236DFF990066DDE6 /* SettingsService.swift in Sources */,
				630DA67C236CDF440066DDE6 /* AppDelegate.swift in Sources */,
				630DA6BB236DFFBA0066DDE6 /* UserDefaultsSettingsService.swift in Sources */,
				C39729E3E1AF04A6E0ECB58F /* DevicesManagementService.swift in Sources */,
				C395A7A531EC7CB168C005AA /* Device.swift in Sources */,
				C39A27DE28FF605044B4A0EA /* MockDevicesManagementService.swift in Sources */,
				C394D13D29731ED47FD3D1DC /* NetworkConfigurator.swift in Sources */,
				C39785F597431B68A0FB71A7 /* MockConfigurator.swift in Sources */,
				C3988DF92D1690FC87A0C8E3 /* Configurator.swift in Sources */,
				C397295EC63DC85555B3FDE2 /* ContainerBuilder.swift in Sources */,
				C395642B218DDD55ADC758C0 /* DependencyInjectionContainerDependency.swift in Sources */,
				C39BD4EA8DEE300EA45D065F /* SettingsServiceDependency.swift in Sources */,
				C395C7E485D67E03FD418763 /* ProjectsService.swift in Sources */,
				C394B85F5B6496733CB15C96 /* Project.swift in Sources */,
				C39074D9C039082BDEB15F8A /* DevicesManagementFlow.swift in Sources */,
				C39E304D8207A321794B28EC /* MainMenuFlow.swift in Sources */,
				C39EF2C56997D8B225D053CB /* DevicesListViewController.swift in Sources */,
				C39190F1B8E14B5510EADC45 /* DevicesListViewModel.swift in Sources */,
				C3953DD9FF1377D623028A9C /* DevicesListModule.swift in Sources */,
				C39A3D049ED3D04D3CA2DC42 /* DevicesManagementServiceDependency.swift in Sources */,
				C39194EB781ABA49A4BA8D76 /* Subject+AnySubscriber.swift in Sources */,
			);
			runOnlyForDeploymentPostprocessing = 0;
		};
/* End PBXSourcesBuildPhase section */

/* Begin PBXVariantGroup section */
		630DA686236CDF450066DDE6 /* LaunchScreen.storyboard */ = {
			isa = PBXVariantGroup;
			children = (
				630DA687236CDF450066DDE6 /* Base */,
			);
			name = LaunchScreen.storyboard;
			sourceTree = "<group>";
		};
/* End PBXVariantGroup section */

/* Begin XCBuildConfiguration section */
		630DA6A4236DF2D90066DDE6 /* Prod */ = {
			isa = XCBuildConfiguration;
			baseConfigurationReference = 630DA6A0236DF0FD0066DDE6 /* Prod.xcconfig */;
			buildSettings = {
				ALWAYS_SEARCH_USER_PATHS = NO;
				CLANG_ANALYZER_NONNULL = YES;
				CLANG_ANALYZER_NUMBER_OBJECT_CONVERSION = YES_AGGRESSIVE;
				CLANG_CXX_LANGUAGE_STANDARD = "gnu++14";
				CLANG_CXX_LIBRARY = "libc++";
				CLANG_ENABLE_MODULES = YES;
				CLANG_ENABLE_OBJC_ARC = YES;
				CLANG_ENABLE_OBJC_WEAK = YES;
				CLANG_WARN_BLOCK_CAPTURE_AUTORELEASING = YES;
				CLANG_WARN_BOOL_CONVERSION = YES;
				CLANG_WARN_COMMA = YES;
				CLANG_WARN_CONSTANT_CONVERSION = YES;
				CLANG_WARN_DEPRECATED_OBJC_IMPLEMENTATIONS = YES;
				CLANG_WARN_DIRECT_OBJC_ISA_USAGE = YES_ERROR;
				CLANG_WARN_DOCUMENTATION_COMMENTS = YES;
				CLANG_WARN_EMPTY_BODY = YES;
				CLANG_WARN_ENUM_CONVERSION = YES;
				CLANG_WARN_INFINITE_RECURSION = YES;
				CLANG_WARN_INT_CONVERSION = YES;
				CLANG_WARN_NON_LITERAL_NULL_CONVERSION = YES;
				CLANG_WARN_OBJC_IMPLICIT_RETAIN_SELF = YES;
				CLANG_WARN_OBJC_LITERAL_CONVERSION = YES;
				CLANG_WARN_OBJC_ROOT_CLASS = YES_ERROR;
				CLANG_WARN_RANGE_LOOP_ANALYSIS = YES;
				CLANG_WARN_STRICT_PROTOTYPES = YES;
				CLANG_WARN_SUSPICIOUS_MOVE = YES;
				CLANG_WARN_UNGUARDED_AVAILABILITY = YES_AGGRESSIVE;
				CLANG_WARN_UNREACHABLE_CODE = YES;
				CLANG_WARN__DUPLICATE_METHOD_MATCH = YES;
				COPY_PHASE_STRIP = NO;
				DEBUG_INFORMATION_FORMAT = "dwarf-with-dsym";
				ENABLE_NS_ASSERTIONS = NO;
				ENABLE_STRICT_OBJC_MSGSEND = YES;
				GCC_C_LANGUAGE_STANDARD = gnu11;
				GCC_NO_COMMON_BLOCKS = YES;
				GCC_WARN_64_TO_32_BIT_CONVERSION = YES;
				GCC_WARN_ABOUT_RETURN_TYPE = YES_ERROR;
				GCC_WARN_UNDECLARED_SELECTOR = YES;
				GCC_WARN_UNINITIALIZED_AUTOS = YES_AGGRESSIVE;
				GCC_WARN_UNUSED_FUNCTION = YES;
				GCC_WARN_UNUSED_VARIABLE = YES;
				IPHONEOS_DEPLOYMENT_TARGET = 13.0;
				MTL_ENABLE_DEBUG_INFO = NO;
				MTL_FAST_MATH = YES;
				SDKROOT = iphoneos;
				SWIFT_COMPILATION_MODE = wholemodule;
				SWIFT_OPTIMIZATION_LEVEL = "-O";
				VALIDATE_PRODUCT = YES;
			};
			name = Prod;
		};
		630DA6A5236DF2D90066DDE6 /* Prod */ = {
			isa = XCBuildConfiguration;
			baseConfigurationReference = 630DA6A0236DF0FD0066DDE6 /* Prod.xcconfig */;
			buildSettings = {
				ASSETCATALOG_COMPILER_APPICON_NAME = AppIcon;
				CODE_SIGN_STYLE = Automatic;
				DEVELOPMENT_ASSET_PATHS = "\"RMRSpbPortal/Resources/Preview Content\"";
				DEVELOPMENT_TEAM = SKRU67QKG5;
				ENABLE_PREVIEWS = YES;
				FRAMEWORK_SEARCH_PATHS = (
					"$(inherited)",
					"$(PROJECT_DIR)/Carthage/Build/iOS",
				);
				INFOPLIST_FILE = RMRSpbPortal/Info.plist;
				LD_RUNPATH_SEARCH_PATHS = (
					"$(inherited)",
					"@executable_path/Frameworks",
				);
				PRODUCT_BUNDLE_IDENTIFIER = com.redmadrobot.sbpportal;
				SWIFT_VERSION = 5.0;
				TARGETED_DEVICE_FAMILY = "1,2";
			};
			name = Prod;
		};
		630DA6A6236DF3000066DDE6 /* Dev */ = {
			isa = XCBuildConfiguration;
			baseConfigurationReference = 630DA69E236DF0C10066DDE6 /* Dev.xcconfig */;
			buildSettings = {
				ALWAYS_SEARCH_USER_PATHS = NO;
				CLANG_ANALYZER_NONNULL = YES;
				CLANG_ANALYZER_NUMBER_OBJECT_CONVERSION = YES_AGGRESSIVE;
				CLANG_CXX_LANGUAGE_STANDARD = "gnu++14";
				CLANG_CXX_LIBRARY = "libc++";
				CLANG_ENABLE_MODULES = YES;
				CLANG_ENABLE_OBJC_ARC = YES;
				CLANG_ENABLE_OBJC_WEAK = YES;
				CLANG_WARN_BLOCK_CAPTURE_AUTORELEASING = YES;
				CLANG_WARN_BOOL_CONVERSION = YES;
				CLANG_WARN_COMMA = YES;
				CLANG_WARN_CONSTANT_CONVERSION = YES;
				CLANG_WARN_DEPRECATED_OBJC_IMPLEMENTATIONS = YES;
				CLANG_WARN_DIRECT_OBJC_ISA_USAGE = YES_ERROR;
				CLANG_WARN_DOCUMENTATION_COMMENTS = YES;
				CLANG_WARN_EMPTY_BODY = YES;
				CLANG_WARN_ENUM_CONVERSION = YES;
				CLANG_WARN_INFINITE_RECURSION = YES;
				CLANG_WARN_INT_CONVERSION = YES;
				CLANG_WARN_NON_LITERAL_NULL_CONVERSION = YES;
				CLANG_WARN_OBJC_IMPLICIT_RETAIN_SELF = YES;
				CLANG_WARN_OBJC_LITERAL_CONVERSION = YES;
				CLANG_WARN_OBJC_ROOT_CLASS = YES_ERROR;
				CLANG_WARN_RANGE_LOOP_ANALYSIS = YES;
				CLANG_WARN_STRICT_PROTOTYPES = YES;
				CLANG_WARN_SUSPICIOUS_MOVE = YES;
				CLANG_WARN_UNGUARDED_AVAILABILITY = YES_AGGRESSIVE;
				CLANG_WARN_UNREACHABLE_CODE = YES;
				CLANG_WARN__DUPLICATE_METHOD_MATCH = YES;
				COPY_PHASE_STRIP = NO;
				DEBUG_INFORMATION_FORMAT = "dwarf-with-dsym";
				ENABLE_NS_ASSERTIONS = NO;
				ENABLE_STRICT_OBJC_MSGSEND = YES;
				GCC_C_LANGUAGE_STANDARD = gnu11;
				GCC_NO_COMMON_BLOCKS = YES;
				GCC_WARN_64_TO_32_BIT_CONVERSION = YES;
				GCC_WARN_ABOUT_RETURN_TYPE = YES_ERROR;
				GCC_WARN_UNDECLARED_SELECTOR = YES;
				GCC_WARN_UNINITIALIZED_AUTOS = YES_AGGRESSIVE;
				GCC_WARN_UNUSED_FUNCTION = YES;
				GCC_WARN_UNUSED_VARIABLE = YES;
				IPHONEOS_DEPLOYMENT_TARGET = 13.0;
				MTL_ENABLE_DEBUG_INFO = NO;
				MTL_FAST_MATH = YES;
				SDKROOT = iphoneos;
				SWIFT_COMPILATION_MODE = wholemodule;
				SWIFT_OPTIMIZATION_LEVEL = "-O";
				VALIDATE_PRODUCT = YES;
			};
			name = Dev;
		};
		630DA6A7236DF3000066DDE6 /* Dev */ = {
			isa = XCBuildConfiguration;
			baseConfigurationReference = 630DA69E236DF0C10066DDE6 /* Dev.xcconfig */;
			buildSettings = {
				ASSETCATALOG_COMPILER_APPICON_NAME = AppIcon;
				CODE_SIGN_STYLE = Automatic;
				DEVELOPMENT_ASSET_PATHS = "\"RMRSpbPortal/Resources/Preview Content\"";
				DEVELOPMENT_TEAM = SKRU67QKG5;
				ENABLE_PREVIEWS = YES;
				FRAMEWORK_SEARCH_PATHS = (
					"$(inherited)",
					"$(PROJECT_DIR)/Carthage/Build/iOS",
				);
				INFOPLIST_FILE = RMRSpbPortal/Info.plist;
				LD_RUNPATH_SEARCH_PATHS = (
					"$(inherited)",
					"@executable_path/Frameworks",
				);
				PRODUCT_BUNDLE_IDENTIFIER = com.redmadrobot.sbpportal;
				SWIFT_VERSION = 5.0;
				TARGETED_DEVICE_FAMILY = "1,2";
			};
			name = Dev;
		};
		630DA6A8236DF30B0066DDE6 /* Mock */ = {
			isa = XCBuildConfiguration;
			baseConfigurationReference = 630DA69F236DF0EC0066DDE6 /* Mock.xcconfig */;
			buildSettings = {
				ALWAYS_SEARCH_USER_PATHS = NO;
				CLANG_ANALYZER_NONNULL = YES;
				CLANG_ANALYZER_NUMBER_OBJECT_CONVERSION = YES_AGGRESSIVE;
				CLANG_CXX_LANGUAGE_STANDARD = "gnu++14";
				CLANG_CXX_LIBRARY = "libc++";
				CLANG_ENABLE_MODULES = YES;
				CLANG_ENABLE_OBJC_ARC = YES;
				CLANG_ENABLE_OBJC_WEAK = YES;
				CLANG_WARN_BLOCK_CAPTURE_AUTORELEASING = YES;
				CLANG_WARN_BOOL_CONVERSION = YES;
				CLANG_WARN_COMMA = YES;
				CLANG_WARN_CONSTANT_CONVERSION = YES;
				CLANG_WARN_DEPRECATED_OBJC_IMPLEMENTATIONS = YES;
				CLANG_WARN_DIRECT_OBJC_ISA_USAGE = YES_ERROR;
				CLANG_WARN_DOCUMENTATION_COMMENTS = YES;
				CLANG_WARN_EMPTY_BODY = YES;
				CLANG_WARN_ENUM_CONVERSION = YES;
				CLANG_WARN_INFINITE_RECURSION = YES;
				CLANG_WARN_INT_CONVERSION = YES;
				CLANG_WARN_NON_LITERAL_NULL_CONVERSION = YES;
				CLANG_WARN_OBJC_IMPLICIT_RETAIN_SELF = YES;
				CLANG_WARN_OBJC_LITERAL_CONVERSION = YES;
				CLANG_WARN_OBJC_ROOT_CLASS = YES_ERROR;
				CLANG_WARN_RANGE_LOOP_ANALYSIS = YES;
				CLANG_WARN_STRICT_PROTOTYPES = YES;
				CLANG_WARN_SUSPICIOUS_MOVE = YES;
				CLANG_WARN_UNGUARDED_AVAILABILITY = YES_AGGRESSIVE;
				CLANG_WARN_UNREACHABLE_CODE = YES;
				CLANG_WARN__DUPLICATE_METHOD_MATCH = YES;
				COPY_PHASE_STRIP = NO;
				DEBUG_INFORMATION_FORMAT = "dwarf-with-dsym";
				ENABLE_NS_ASSERTIONS = NO;
				ENABLE_STRICT_OBJC_MSGSEND = YES;
				GCC_C_LANGUAGE_STANDARD = gnu11;
				GCC_NO_COMMON_BLOCKS = YES;
				GCC_WARN_64_TO_32_BIT_CONVERSION = YES;
				GCC_WARN_ABOUT_RETURN_TYPE = YES_ERROR;
				GCC_WARN_UNDECLARED_SELECTOR = YES;
				GCC_WARN_UNINITIALIZED_AUTOS = YES_AGGRESSIVE;
				GCC_WARN_UNUSED_FUNCTION = YES;
				GCC_WARN_UNUSED_VARIABLE = YES;
				IPHONEOS_DEPLOYMENT_TARGET = 13.0;
				MTL_ENABLE_DEBUG_INFO = NO;
				MTL_FAST_MATH = YES;
				SDKROOT = iphoneos;
				SWIFT_COMPILATION_MODE = wholemodule;
				SWIFT_OPTIMIZATION_LEVEL = "-O";
				VALIDATE_PRODUCT = YES;
			};
			name = Mock;
		};
		630DA6A9236DF30B0066DDE6 /* Mock */ = {
			isa = XCBuildConfiguration;
			baseConfigurationReference = 630DA69F236DF0EC0066DDE6 /* Mock.xcconfig */;
			buildSettings = {
				ASSETCATALOG_COMPILER_APPICON_NAME = AppIcon;
				CODE_SIGN_STYLE = Automatic;
				DEVELOPMENT_ASSET_PATHS = "\"RMRSpbPortal/Resources/Preview Content\"";
				DEVELOPMENT_TEAM = SKRU67QKG5;
				ENABLE_PREVIEWS = YES;
				FRAMEWORK_SEARCH_PATHS = (
					"$(inherited)",
					"$(PROJECT_DIR)/Carthage/Build/iOS",
				);
				INFOPLIST_FILE = RMRSpbPortal/Info.plist;
				LD_RUNPATH_SEARCH_PATHS = (
					"$(inherited)",
					"@executable_path/Frameworks",
				);
				PRODUCT_BUNDLE_IDENTIFIER = com.redmadrobot.sbpportal;
				SWIFT_VERSION = 5.0;
				TARGETED_DEVICE_FAMILY = "1,2";
			};
			name = Mock;
		};
/* End XCBuildConfiguration section */

/* Begin XCConfigurationList section */
		630DA673236CDF440066DDE6 /* Build configuration list for PBXProject "RMRSpbPortal" */ = {
			isa = XCConfigurationList;
			buildConfigurations = (
				630DA6A4236DF2D90066DDE6 /* Prod */,
				630DA6A6236DF3000066DDE6 /* Dev */,
				630DA6A8236DF30B0066DDE6 /* Mock */,
			);
			defaultConfigurationIsVisible = 0;
			defaultConfigurationName = Prod;
		};
		630DA68C236CDF450066DDE6 /* Build configuration list for PBXNativeTarget "RMRSpbPortal" */ = {
			isa = XCConfigurationList;
			buildConfigurations = (
				630DA6A5236DF2D90066DDE6 /* Prod */,
				630DA6A7236DF3000066DDE6 /* Dev */,
				630DA6A9236DF30B0066DDE6 /* Mock */,
			);
			defaultConfigurationIsVisible = 0;
			defaultConfigurationName = Prod;
		};
/* End XCConfigurationList section */
	};
	rootObject = 630DA670236CDF440066DDE6 /* Project object */;
}
